// !$*UTF8*$!
{
	archiveVersion = 1;
	classes = {
	};
	objectVersion = 51;
	objects = {

/* Begin PBXBuildFile section */
		3AFEE91A19B1DDE8F6EB5F13 /* Pods_Parstagram.framework in Frameworks */ = {isa = PBXBuildFile; fileRef = 215FCA33D4B89EF889968227 /* Pods_Parstagram.framework */; };
		58EB67E02605761A00EEC7F3 /* AppDelegate.swift in Sources */ = {isa = PBXBuildFile; fileRef = 58EB67DF2605761A00EEC7F3 /* AppDelegate.swift */; };
		58EB67E22605761A00EEC7F3 /* SceneDelegate.swift in Sources */ = {isa = PBXBuildFile; fileRef = 58EB67E12605761A00EEC7F3 /* SceneDelegate.swift */; };
		58EB67E72605761A00EEC7F3 /* Main.storyboard in Resources */ = {isa = PBXBuildFile; fileRef = 58EB67E52605761A00EEC7F3 /* Main.storyboard */; };
		58EB67E92605761D00EEC7F3 /* Assets.xcassets in Resources */ = {isa = PBXBuildFile; fileRef = 58EB67E82605761D00EEC7F3 /* Assets.xcassets */; };
		58EB67EC2605761D00EEC7F3 /* LaunchScreen.storyboard in Resources */ = {isa = PBXBuildFile; fileRef = 58EB67EA2605761D00EEC7F3 /* LaunchScreen.storyboard */; };
		58EB67F72605761D00EEC7F3 /* ParstagramTests.swift in Sources */ = {isa = PBXBuildFile; fileRef = 58EB67F62605761D00EEC7F3 /* ParstagramTests.swift */; };
		58EB68022605761D00EEC7F3 /* ParstagramUITests.swift in Sources */ = {isa = PBXBuildFile; fileRef = 58EB68012605761D00EEC7F3 /* ParstagramUITests.swift */; };
		58EB681C2605779C00EEC7F3 /* LoginViewController.swift in Sources */ = {isa = PBXBuildFile; fileRef = 58EB681B2605779C00EEC7F3 /* LoginViewController.swift */; };
		58EB6821260577A600EEC7F3 /* FeedViewController.swift in Sources */ = {isa = PBXBuildFile; fileRef = 58EB6820260577A600EEC7F3 /* FeedViewController.swift */; };
		58EB683B26061D5E00EEC7F3 /* CameraViewController.swift in Sources */ = {isa = PBXBuildFile; fileRef = 58EB683A26061D5E00EEC7F3 /* CameraViewController.swift */; };
		58EB68552606264500EEC7F3 /* PostCell.swift in Sources */ = {isa = PBXBuildFile; fileRef = 58EB68542606264500EEC7F3 /* PostCell.swift */; };
		92DBAB1C83A4A3F542A68CA2 /* Pods_ParstagramTests.framework in Frameworks */ = {isa = PBXBuildFile; fileRef = A1CDCF544E6A6CA4AC9EDF7E /* Pods_ParstagramTests.framework */; };
		EE453A9B5BEFD08C89FAF517 /* Pods_Parstagram_ParstagramUITests.framework in Frameworks */ = {isa = PBXBuildFile; fileRef = 085A873501BB1E52EED3FE70 /* Pods_Parstagram_ParstagramUITests.framework */; };
/* End PBXBuildFile section */

/* Begin PBXContainerItemProxy section */
		58EB67F32605761D00EEC7F3 /* PBXContainerItemProxy */ = {
			isa = PBXContainerItemProxy;
			containerPortal = 58EB67D42605761A00EEC7F3 /* Project object */;
			proxyType = 1;
			remoteGlobalIDString = 58EB67DB2605761A00EEC7F3;
			remoteInfo = Parstagram;
		};
		58EB67FE2605761D00EEC7F3 /* PBXContainerItemProxy */ = {
			isa = PBXContainerItemProxy;
			containerPortal = 58EB67D42605761A00EEC7F3 /* Project object */;
			proxyType = 1;
			remoteGlobalIDString = 58EB67DB2605761A00EEC7F3;
			remoteInfo = Parstagram;
		};
/* End PBXContainerItemProxy section */

/* Begin PBXFileReference section */
		0047B4867D6F9143027AECFE /* Pods-Parstagram-ParstagramUITests.release.xcconfig */ = {isa = PBXFileReference; includeInIndex = 1; lastKnownFileType = text.xcconfig; name = "Pods-Parstagram-ParstagramUITests.release.xcconfig"; path = "Target Support Files/Pods-Parstagram-ParstagramUITests/Pods-Parstagram-ParstagramUITests.release.xcconfig"; sourceTree = "<group>"; };
		016FC3E967DD7582C79FB908 /* Pods-Parstagram.release.xcconfig */ = {isa = PBXFileReference; includeInIndex = 1; lastKnownFileType = text.xcconfig; name = "Pods-Parstagram.release.xcconfig"; path = "Target Support Files/Pods-Parstagram/Pods-Parstagram.release.xcconfig"; sourceTree = "<group>"; };
		085A873501BB1E52EED3FE70 /* Pods_Parstagram_ParstagramUITests.framework */ = {isa = PBXFileReference; explicitFileType = wrapper.framework; includeInIndex = 0; path = Pods_Parstagram_ParstagramUITests.framework; sourceTree = BUILT_PRODUCTS_DIR; };
		215FCA33D4B89EF889968227 /* Pods_Parstagram.framework */ = {isa = PBXFileReference; explicitFileType = wrapper.framework; includeInIndex = 0; path = Pods_Parstagram.framework; sourceTree = BUILT_PRODUCTS_DIR; };
		35F1421D6AF1AFDE87404764 /* Pods-ParstagramTests.release.xcconfig */ = {isa = PBXFileReference; includeInIndex = 1; lastKnownFileType = text.xcconfig; name = "Pods-ParstagramTests.release.xcconfig"; path = "Target Support Files/Pods-ParstagramTests/Pods-ParstagramTests.release.xcconfig"; sourceTree = "<group>"; };
		58EB67DC2605761A00EEC7F3 /* Parstagram.app */ = {isa = PBXFileReference; explicitFileType = wrapper.application; includeInIndex = 0; path = Parstagram.app; sourceTree = BUILT_PRODUCTS_DIR; };
		58EB67DF2605761A00EEC7F3 /* AppDelegate.swift */ = {isa = PBXFileReference; lastKnownFileType = sourcecode.swift; path = AppDelegate.swift; sourceTree = "<group>"; };
		58EB67E12605761A00EEC7F3 /* SceneDelegate.swift */ = {isa = PBXFileReference; lastKnownFileType = sourcecode.swift; path = SceneDelegate.swift; sourceTree = "<group>"; };
		58EB67E62605761A00EEC7F3 /* Base */ = {isa = PBXFileReference; lastKnownFileType = file.storyboard; name = Base; path = Base.lproj/Main.storyboard; sourceTree = "<group>"; };
		58EB67E82605761D00EEC7F3 /* Assets.xcassets */ = {isa = PBXFileReference; lastKnownFileType = folder.assetcatalog; path = Assets.xcassets; sourceTree = "<group>"; };
		58EB67EB2605761D00EEC7F3 /* Base */ = {isa = PBXFileReference; lastKnownFileType = file.storyboard; name = Base; path = Base.lproj/LaunchScreen.storyboard; sourceTree = "<group>"; };
		58EB67ED2605761D00EEC7F3 /* Info.plist */ = {isa = PBXFileReference; lastKnownFileType = text.plist.xml; path = Info.plist; sourceTree = "<group>"; };
		58EB67F22605761D00EEC7F3 /* ParstagramTests.xctest */ = {isa = PBXFileReference; explicitFileType = wrapper.cfbundle; includeInIndex = 0; path = ParstagramTests.xctest; sourceTree = BUILT_PRODUCTS_DIR; };
		58EB67F62605761D00EEC7F3 /* ParstagramTests.swift */ = {isa = PBXFileReference; lastKnownFileType = sourcecode.swift; path = ParstagramTests.swift; sourceTree = "<group>"; };
		58EB67F82605761D00EEC7F3 /* Info.plist */ = {isa = PBXFileReference; lastKnownFileType = text.plist.xml; path = Info.plist; sourceTree = "<group>"; };
		58EB67FD2605761D00EEC7F3 /* ParstagramUITests.xctest */ = {isa = PBXFileReference; explicitFileType = wrapper.cfbundle; includeInIndex = 0; path = ParstagramUITests.xctest; sourceTree = BUILT_PRODUCTS_DIR; };
		58EB68012605761D00EEC7F3 /* ParstagramUITests.swift */ = {isa = PBXFileReference; lastKnownFileType = sourcecode.swift; path = ParstagramUITests.swift; sourceTree = "<group>"; };
		58EB68032605761D00EEC7F3 /* Info.plist */ = {isa = PBXFileReference; lastKnownFileType = text.plist.xml; path = Info.plist; sourceTree = "<group>"; };
		58EB681B2605779C00EEC7F3 /* LoginViewController.swift */ = {isa = PBXFileReference; lastKnownFileType = sourcecode.swift; path = LoginViewController.swift; sourceTree = "<group>"; };
		58EB6820260577A600EEC7F3 /* FeedViewController.swift */ = {isa = PBXFileReference; lastKnownFileType = sourcecode.swift; path = FeedViewController.swift; sourceTree = "<group>"; };
		58EB683A26061D5E00EEC7F3 /* CameraViewController.swift */ = {isa = PBXFileReference; lastKnownFileType = sourcecode.swift; path = CameraViewController.swift; sourceTree = "<group>"; };
		58EB68542606264500EEC7F3 /* PostCell.swift */ = {isa = PBXFileReference; lastKnownFileType = sourcecode.swift; path = PostCell.swift; sourceTree = "<group>"; };
		A1CDCF544E6A6CA4AC9EDF7E /* Pods_ParstagramTests.framework */ = {isa = PBXFileReference; explicitFileType = wrapper.framework; includeInIndex = 0; path = Pods_ParstagramTests.framework; sourceTree = BUILT_PRODUCTS_DIR; };
		E37D5B91EE011AF2EE87B5BC /* Pods-Parstagram-ParstagramUITests.debug.xcconfig */ = {isa = PBXFileReference; includeInIndex = 1; lastKnownFileType = text.xcconfig; name = "Pods-Parstagram-ParstagramUITests.debug.xcconfig"; path = "Target Support Files/Pods-Parstagram-ParstagramUITests/Pods-Parstagram-ParstagramUITests.debug.xcconfig"; sourceTree = "<group>"; };
		F80C23675E4BB31C981EC34F /* Pods-ParstagramTests.debug.xcconfig */ = {isa = PBXFileReference; includeInIndex = 1; lastKnownFileType = text.xcconfig; name = "Pods-ParstagramTests.debug.xcconfig"; path = "Target Support Files/Pods-ParstagramTests/Pods-ParstagramTests.debug.xcconfig"; sourceTree = "<group>"; };
		FFB94E0DE86955B4EA7D30E9 /* Pods-Parstagram.debug.xcconfig */ = {isa = PBXFileReference; includeInIndex = 1; lastKnownFileType = text.xcconfig; name = "Pods-Parstagram.debug.xcconfig"; path = "Target Support Files/Pods-Parstagram/Pods-Parstagram.debug.xcconfig"; sourceTree = "<group>"; };
/* End PBXFileReference section */

/* Begin PBXFrameworksBuildPhase section */
		58EB67D92605761A00EEC7F3 /* Frameworks */ = {
			isa = PBXFrameworksBuildPhase;
			buildActionMask = 2147483647;
			files = (
				3AFEE91A19B1DDE8F6EB5F13 /* Pods_Parstagram.framework in Frameworks */,
			);
			runOnlyForDeploymentPostprocessing = 0;
		};
		58EB67EF2605761D00EEC7F3 /* Frameworks */ = {
			isa = PBXFrameworksBuildPhase;
			buildActionMask = 2147483647;
			files = (
				92DBAB1C83A4A3F542A68CA2 /* Pods_ParstagramTests.framework in Frameworks */,
			);
			runOnlyForDeploymentPostprocessing = 0;
		};
		58EB67FA2605761D00EEC7F3 /* Frameworks */ = {
			isa = PBXFrameworksBuildPhase;
			buildActionMask = 2147483647;
			files = (
				EE453A9B5BEFD08C89FAF517 /* Pods_Parstagram_ParstagramUITests.framework in Frameworks */,
			);
			runOnlyForDeploymentPostprocessing = 0;
		};
/* End PBXFrameworksBuildPhase section */

/* Begin PBXGroup section */
		4B9D5D410788ED166B98259A /* Pods */ = {
			isa = PBXGroup;
			children = (
				FFB94E0DE86955B4EA7D30E9 /* Pods-Parstagram.debug.xcconfig */,
				016FC3E967DD7582C79FB908 /* Pods-Parstagram.release.xcconfig */,
				E37D5B91EE011AF2EE87B5BC /* Pods-Parstagram-ParstagramUITests.debug.xcconfig */,
				0047B4867D6F9143027AECFE /* Pods-Parstagram-ParstagramUITests.release.xcconfig */,
				F80C23675E4BB31C981EC34F /* Pods-ParstagramTests.debug.xcconfig */,
				35F1421D6AF1AFDE87404764 /* Pods-ParstagramTests.release.xcconfig */,
			);
			path = Pods;
			sourceTree = "<group>";
		};
		57BD27F000884D44F5E9DF4C /* Frameworks */ = {
			isa = PBXGroup;
			children = (
				215FCA33D4B89EF889968227 /* Pods_Parstagram.framework */,
				085A873501BB1E52EED3FE70 /* Pods_Parstagram_ParstagramUITests.framework */,
				A1CDCF544E6A6CA4AC9EDF7E /* Pods_ParstagramTests.framework */,
			);
			name = Frameworks;
			sourceTree = "<group>";
		};
		58EB67D32605761A00EEC7F3 = {
			isa = PBXGroup;
			children = (
				58EB67DE2605761A00EEC7F3 /* Parstagram */,
				58EB67F52605761D00EEC7F3 /* ParstagramTests */,
				58EB68002605761D00EEC7F3 /* ParstagramUITests */,
				58EB67DD2605761A00EEC7F3 /* Products */,
				4B9D5D410788ED166B98259A /* Pods */,
				57BD27F000884D44F5E9DF4C /* Frameworks */,
			);
			sourceTree = "<group>";
		};
		58EB67DD2605761A00EEC7F3 /* Products */ = {
			isa = PBXGroup;
			children = (
				58EB67DC2605761A00EEC7F3 /* Parstagram.app */,
				58EB67F22605761D00EEC7F3 /* ParstagramTests.xctest */,
				58EB67FD2605761D00EEC7F3 /* ParstagramUITests.xctest */,
			);
			name = Products;
			sourceTree = "<group>";
		};
		58EB67DE2605761A00EEC7F3 /* Parstagram */ = {
			isa = PBXGroup;
			children = (
				58EB67DF2605761A00EEC7F3 /* AppDelegate.swift */,
				58EB67E12605761A00EEC7F3 /* SceneDelegate.swift */,
				58EB67E52605761A00EEC7F3 /* Main.storyboard */,
				58EB67E82605761D00EEC7F3 /* Assets.xcassets */,
				58EB67EA2605761D00EEC7F3 /* LaunchScreen.storyboard */,
				58EB67ED2605761D00EEC7F3 /* Info.plist */,
				58EB681B2605779C00EEC7F3 /* LoginViewController.swift */,
				58EB6820260577A600EEC7F3 /* FeedViewController.swift */,
				58EB683A26061D5E00EEC7F3 /* CameraViewController.swift */,
				58EB68542606264500EEC7F3 /* PostCell.swift */,
			);
			path = Parstagram;
			sourceTree = "<group>";
		};
		58EB67F52605761D00EEC7F3 /* ParstagramTests */ = {
			isa = PBXGroup;
			children = (
				58EB67F62605761D00EEC7F3 /* ParstagramTests.swift */,
				58EB67F82605761D00EEC7F3 /* Info.plist */,
			);
			path = ParstagramTests;
			sourceTree = "<group>";
		};
		58EB68002605761D00EEC7F3 /* ParstagramUITests */ = {
			isa = PBXGroup;
			children = (
				58EB68012605761D00EEC7F3 /* ParstagramUITests.swift */,
				58EB68032605761D00EEC7F3 /* Info.plist */,
			);
			path = ParstagramUITests;
			sourceTree = "<group>";
		};
/* End PBXGroup section */

/* Begin PBXNativeTarget section */
		58EB67DB2605761A00EEC7F3 /* Parstagram */ = {
			isa = PBXNativeTarget;
			buildConfigurationList = 58EB68062605761D00EEC7F3 /* Build configuration list for PBXNativeTarget "Parstagram" */;
			buildPhases = (
				BDD686DF350C3B042EDC644B /* [CP] Check Pods Manifest.lock */,
				58EB67D82605761A00EEC7F3 /* Sources */,
				58EB67D92605761A00EEC7F3 /* Frameworks */,
				58EB67DA2605761A00EEC7F3 /* Resources */,
				6704B5119486B447B7878F4E /* [CP] Embed Pods Frameworks */,
			);
			buildRules = (
			);
			dependencies = (
			);
			name = Parstagram;
			productName = Parstagram;
			productReference = 58EB67DC2605761A00EEC7F3 /* Parstagram.app */;
			productType = "com.apple.product-type.application";
		};
		58EB67F12605761D00EEC7F3 /* ParstagramTests */ = {
			isa = PBXNativeTarget;
			buildConfigurationList = 58EB68092605761D00EEC7F3 /* Build configuration list for PBXNativeTarget "ParstagramTests" */;
			buildPhases = (
				241BAC526F8F6E44EB6357FE /* [CP] Check Pods Manifest.lock */,
				58EB67EE2605761D00EEC7F3 /* Sources */,
				58EB67EF2605761D00EEC7F3 /* Frameworks */,
				58EB67F02605761D00EEC7F3 /* Resources */,
			);
			buildRules = (
			);
			dependencies = (
				58EB67F42605761D00EEC7F3 /* PBXTargetDependency */,
			);
			name = ParstagramTests;
			productName = ParstagramTests;
			productReference = 58EB67F22605761D00EEC7F3 /* ParstagramTests.xctest */;
			productType = "com.apple.product-type.bundle.unit-test";
		};
		58EB67FC2605761D00EEC7F3 /* ParstagramUITests */ = {
			isa = PBXNativeTarget;
			buildConfigurationList = 58EB680C2605761D00EEC7F3 /* Build configuration list for PBXNativeTarget "ParstagramUITests" */;
			buildPhases = (
				6AB6B1E2C06174769EE648E2 /* [CP] Check Pods Manifest.lock */,
				58EB67F92605761D00EEC7F3 /* Sources */,
				58EB67FA2605761D00EEC7F3 /* Frameworks */,
				58EB67FB2605761D00EEC7F3 /* Resources */,
				20D66E4095D8139D1D2FFB9B /* [CP] Embed Pods Frameworks */,
			);
			buildRules = (
			);
			dependencies = (
				58EB67FF2605761D00EEC7F3 /* PBXTargetDependency */,
			);
			name = ParstagramUITests;
			productName = ParstagramUITests;
			productReference = 58EB67FD2605761D00EEC7F3 /* ParstagramUITests.xctest */;
			productType = "com.apple.product-type.bundle.ui-testing";
		};
/* End PBXNativeTarget section */

/* Begin PBXProject section */
		58EB67D42605761A00EEC7F3 /* Project object */ = {
			isa = PBXProject;
			attributes = {
				LastSwiftUpdateCheck = 1240;
				LastUpgradeCheck = 1240;
				TargetAttributes = {
					58EB67DB2605761A00EEC7F3 = {
						CreatedOnToolsVersion = 12.4;
					};
					58EB67F12605761D00EEC7F3 = {
						CreatedOnToolsVersion = 12.4;
						TestTargetID = 58EB67DB2605761A00EEC7F3;
					};
					58EB67FC2605761D00EEC7F3 = {
						CreatedOnToolsVersion = 12.4;
						TestTargetID = 58EB67DB2605761A00EEC7F3;
					};
				};
			};
			buildConfigurationList = 58EB67D72605761A00EEC7F3 /* Build configuration list for PBXProject "Parstagram" */;
			compatibilityVersion = "Xcode 9.3";
			developmentRegion = en;
			hasScannedForEncodings = 0;
			knownRegions = (
				en,
				Base,
			);
			mainGroup = 58EB67D32605761A00EEC7F3;
			productRefGroup = 58EB67DD2605761A00EEC7F3 /* Products */;
			projectDirPath = "";
			projectRoot = "";
			targets = (
				58EB67DB2605761A00EEC7F3 /* Parstagram */,
				58EB67F12605761D00EEC7F3 /* ParstagramTests */,
				58EB67FC2605761D00EEC7F3 /* ParstagramUITests */,
			);
		};
/* End PBXProject section */

/* Begin PBXResourcesBuildPhase section */
		58EB67DA2605761A00EEC7F3 /* Resources */ = {
			isa = PBXResourcesBuildPhase;
			buildActionMask = 2147483647;
			files = (
				58EB67EC2605761D00EEC7F3 /* LaunchScreen.storyboard in Resources */,
				58EB67E92605761D00EEC7F3 /* Assets.xcassets in Resources */,
				58EB67E72605761A00EEC7F3 /* Main.storyboard in Resources */,
			);
			runOnlyForDeploymentPostprocessing = 0;
		};
		58EB67F02605761D00EEC7F3 /* Resources */ = {
			isa = PBXResourcesBuildPhase;
			buildActionMask = 2147483647;
			files = (
			);
			runOnlyForDeploymentPostprocessing = 0;
		};
		58EB67FB2605761D00EEC7F3 /* Resources */ = {
			isa = PBXResourcesBuildPhase;
			buildActionMask = 2147483647;
			files = (
			);
			runOnlyForDeploymentPostprocessing = 0;
		};
/* End PBXResourcesBuildPhase section */

/* Begin PBXShellScriptBuildPhase section */
		20D66E4095D8139D1D2FFB9B /* [CP] Embed Pods Frameworks */ = {
			isa = PBXShellScriptBuildPhase;
			buildActionMask = 2147483647;
			files = (
			);
			inputFileListPaths = (
				"${PODS_ROOT}/Target Support Files/Pods-Parstagram-ParstagramUITests/Pods-Parstagram-ParstagramUITests-frameworks-${CONFIGURATION}-input-files.xcfilelist",
			);
			name = "[CP] Embed Pods Frameworks";
			outputFileListPaths = (
				"${PODS_ROOT}/Target Support Files/Pods-Parstagram-ParstagramUITests/Pods-Parstagram-ParstagramUITests-frameworks-${CONFIGURATION}-output-files.xcfilelist",
			);
			runOnlyForDeploymentPostprocessing = 0;
			shellPath = /bin/sh;
			shellScript = "\"${PODS_ROOT}/Target Support Files/Pods-Parstagram-ParstagramUITests/Pods-Parstagram-ParstagramUITests-frameworks.sh\"\n";
			showEnvVarsInLog = 0;
		};
		241BAC526F8F6E44EB6357FE /* [CP] Check Pods Manifest.lock */ = {
			isa = PBXShellScriptBuildPhase;
			buildActionMask = 2147483647;
			files = (
			);
			inputFileListPaths = (
			);
			inputPaths = (
				"${PODS_PODFILE_DIR_PATH}/Podfile.lock",
				"${PODS_ROOT}/Manifest.lock",
			);
			name = "[CP] Check Pods Manifest.lock";
			outputFileListPaths = (
			);
			outputPaths = (
				"$(DERIVED_FILE_DIR)/Pods-ParstagramTests-checkManifestLockResult.txt",
			);
			runOnlyForDeploymentPostprocessing = 0;
			shellPath = /bin/sh;
			shellScript = "diff \"${PODS_PODFILE_DIR_PATH}/Podfile.lock\" \"${PODS_ROOT}/Manifest.lock\" > /dev/null\nif [ $? != 0 ] ; then\n    # print error to STDERR\n    echo \"error: The sandbox is not in sync with the Podfile.lock. Run 'pod install' or update your CocoaPods installation.\" >&2\n    exit 1\nfi\n# This output is used by Xcode 'outputs' to avoid re-running this script phase.\necho \"SUCCESS\" > \"${SCRIPT_OUTPUT_FILE_0}\"\n";
			showEnvVarsInLog = 0;
		};
		6704B5119486B447B7878F4E /* [CP] Embed Pods Frameworks */ = {
			isa = PBXShellScriptBuildPhase;
			buildActionMask = 2147483647;
			files = (
			);
			inputFileListPaths = (
				"${PODS_ROOT}/Target Support Files/Pods-Parstagram/Pods-Parstagram-frameworks-${CONFIGURATION}-input-files.xcfilelist",
			);
			name = "[CP] Embed Pods Frameworks";
			outputFileListPaths = (
				"${PODS_ROOT}/Target Support Files/Pods-Parstagram/Pods-Parstagram-frameworks-${CONFIGURATION}-output-files.xcfilelist",
			);
			runOnlyForDeploymentPostprocessing = 0;
			shellPath = /bin/sh;
			shellScript = "\"${PODS_ROOT}/Target Support Files/Pods-Parstagram/Pods-Parstagram-frameworks.sh\"\n";
			showEnvVarsInLog = 0;
		};
		6AB6B1E2C06174769EE648E2 /* [CP] Check Pods Manifest.lock */ = {
			isa = PBXShellScriptBuildPhase;
			buildActionMask = 2147483647;
			files = (
			);
			inputFileListPaths = (
			);
			inputPaths = (
				"${PODS_PODFILE_DIR_PATH}/Podfile.lock",
				"${PODS_ROOT}/Manifest.lock",
			);
			name = "[CP] Check Pods Manifest.lock";
			outputFileListPaths = (
			);
			outputPaths = (
				"$(DERIVED_FILE_DIR)/Pods-Parstagram-ParstagramUITests-checkManifestLockResult.txt",
			);
			runOnlyForDeploymentPostprocessing = 0;
			shellPath = /bin/sh;
			shellScript = "diff \"${PODS_PODFILE_DIR_PATH}/Podfile.lock\" \"${PODS_ROOT}/Manifest.lock\" > /dev/null\nif [ $? != 0 ] ; then\n    # print error to STDERR\n    echo \"error: The sandbox is not in sync with the Podfile.lock. Run 'pod install' or update your CocoaPods installation.\" >&2\n    exit 1\nfi\n# This output is used by Xcode 'outputs' to avoid re-running this script phase.\necho \"SUCCESS\" > \"${SCRIPT_OUTPUT_FILE_0}\"\n";
			showEnvVarsInLog = 0;
		};
		BDD686DF350C3B042EDC644B /* [CP] Check Pods Manifest.lock */ = {
			isa = PBXShellScriptBuildPhase;
			buildActionMask = 2147483647;
			files = (
			);
			inputFileListPaths = (
			);
			inputPaths = (
				"${PODS_PODFILE_DIR_PATH}/Podfile.lock",
				"${PODS_ROOT}/Manifest.lock",
			);
			name = "[CP] Check Pods Manifest.lock";
			outputFileListPaths = (
			);
			outputPaths = (
				"$(DERIVED_FILE_DIR)/Pods-Parstagram-checkManifestLockResult.txt",
			);
			runOnlyForDeploymentPostprocessing = 0;
			shellPath = /bin/sh;
			shellScript = "diff \"${PODS_PODFILE_DIR_PATH}/Podfile.lock\" \"${PODS_ROOT}/Manifest.lock\" > /dev/null\nif [ $? != 0 ] ; then\n    # print error to STDERR\n    echo \"error: The sandbox is not in sync with the Podfile.lock. Run 'pod install' or update your CocoaPods installation.\" >&2\n    exit 1\nfi\n# This output is used by Xcode 'outputs' to avoid re-running this script phase.\necho \"SUCCESS\" > \"${SCRIPT_OUTPUT_FILE_0}\"\n";
			showEnvVarsInLog = 0;
		};
/* End PBXShellScriptBuildPhase section */

/* Begin PBXSourcesBuildPhase section */
		58EB67D82605761A00EEC7F3 /* Sources */ = {
			isa = PBXSourcesBuildPhase;
			buildActionMask = 2147483647;
			files = (
				58EB681C2605779C00EEC7F3 /* LoginViewController.swift in Sources */,
				58EB683B26061D5E00EEC7F3 /* CameraViewController.swift in Sources */,
				58EB67E02605761A00EEC7F3 /* AppDelegate.swift in Sources */,
				58EB6821260577A600EEC7F3 /* FeedViewController.swift in Sources */,
				58EB67E22605761A00EEC7F3 /* SceneDelegate.swift in Sources */,
				58EB68552606264500EEC7F3 /* PostCell.swift in Sources */,
			);
			runOnlyForDeploymentPostprocessing = 0;
		};
		58EB67EE2605761D00EEC7F3 /* Sources */ = {
			isa = PBXSourcesBuildPhase;
			buildActionMask = 2147483647;
			files = (
				58EB67F72605761D00EEC7F3 /* ParstagramTests.swift in Sources */,
			);
			runOnlyForDeploymentPostprocessing = 0;
		};
		58EB67F92605761D00EEC7F3 /* Sources */ = {
			isa = PBXSourcesBuildPhase;
			buildActionMask = 2147483647;
			files = (
				58EB68022605761D00EEC7F3 /* ParstagramUITests.swift in Sources */,
			);
			runOnlyForDeploymentPostprocessing = 0;
		};
/* End PBXSourcesBuildPhase section */

/* Begin PBXTargetDependency section */
		58EB67F42605761D00EEC7F3 /* PBXTargetDependency */ = {
			isa = PBXTargetDependency;
			target = 58EB67DB2605761A00EEC7F3 /* Parstagram */;
			targetProxy = 58EB67F32605761D00EEC7F3 /* PBXContainerItemProxy */;
		};
		58EB67FF2605761D00EEC7F3 /* PBXTargetDependency */ = {
			isa = PBXTargetDependency;
			target = 58EB67DB2605761A00EEC7F3 /* Parstagram */;
			targetProxy = 58EB67FE2605761D00EEC7F3 /* PBXContainerItemProxy */;
		};
/* End PBXTargetDependency section */

/* Begin PBXVariantGroup section */
		58EB67E52605761A00EEC7F3 /* Main.storyboard */ = {
			isa = PBXVariantGroup;
			children = (
				58EB67E62605761A00EEC7F3 /* Base */,
			);
			name = Main.storyboard;
			sourceTree = "<group>";
		};
		58EB67EA2605761D00EEC7F3 /* LaunchScreen.storyboard */ = {
			isa = PBXVariantGroup;
			children = (
				58EB67EB2605761D00EEC7F3 /* Base */,
			);
			name = LaunchScreen.storyboard;
			sourceTree = "<group>";
		};
/* End PBXVariantGroup section */

/* Begin XCBuildConfiguration section */
		58EB68042605761D00EEC7F3 /* Debug */ = {
			isa = XCBuildConfiguration;
			buildSettings = {
				ALWAYS_SEARCH_USER_PATHS = NO;
				CLANG_ANALYZER_NONNULL = YES;
				CLANG_ANALYZER_NUMBER_OBJECT_CONVERSION = YES_AGGRESSIVE;
				CLANG_CXX_LANGUAGE_STANDARD = "gnu++14";
				CLANG_CXX_LIBRARY = "libc++";
				CLANG_ENABLE_MODULES = YES;
				CLANG_ENABLE_OBJC_ARC = YES;
				CLANG_ENABLE_OBJC_WEAK = YES;
				CLANG_WARN_BLOCK_CAPTURE_AUTORELEASING = YES;
				CLANG_WARN_BOOL_CONVERSION = YES;
				CLANG_WARN_COMMA = YES;
				CLANG_WARN_CONSTANT_CONVERSION = YES;
				CLANG_WARN_DEPRECATED_OBJC_IMPLEMENTATIONS = YES;
				CLANG_WARN_DIRECT_OBJC_ISA_USAGE = YES_ERROR;
				CLANG_WARN_DOCUMENTATION_COMMENTS = YES;
				CLANG_WARN_EMPTY_BODY = YES;
				CLANG_WARN_ENUM_CONVERSION = YES;
				CLANG_WARN_INFINITE_RECURSION = YES;
				CLANG_WARN_INT_CONVERSION = YES;
				CLANG_WARN_NON_LITERAL_NULL_CONVERSION = YES;
				CLANG_WARN_OBJC_IMPLICIT_RETAIN_SELF = YES;
				CLANG_WARN_OBJC_LITERAL_CONVERSION = YES;
				CLANG_WARN_OBJC_ROOT_CLASS = YES_ERROR;
				CLANG_WARN_QUOTED_INCLUDE_IN_FRAMEWORK_HEADER = YES;
				CLANG_WARN_RANGE_LOOP_ANALYSIS = YES;
				CLANG_WARN_STRICT_PROTOTYPES = YES;
				CLANG_WARN_SUSPICIOUS_MOVE = YES;
				CLANG_WARN_UNGUARDED_AVAILABILITY = YES_AGGRESSIVE;
				CLANG_WARN_UNREACHABLE_CODE = YES;
				CLANG_WARN__DUPLICATE_METHOD_MATCH = YES;
				COPY_PHASE_STRIP = NO;
				DEBUG_INFORMATION_FORMAT = dwarf;
				ENABLE_STRICT_OBJC_MSGSEND = YES;
				ENABLE_TESTABILITY = YES;
				GCC_C_LANGUAGE_STANDARD = gnu11;
				GCC_DYNAMIC_NO_PIC = NO;
				GCC_NO_COMMON_BLOCKS = YES;
				GCC_OPTIMIZATION_LEVEL = 0;
				GCC_PREPROCESSOR_DEFINITIONS = (
					"DEBUG=1",
					"$(inherited)",
				);
				GCC_WARN_64_TO_32_BIT_CONVERSION = YES;
				GCC_WARN_ABOUT_RETURN_TYPE = YES_ERROR;
				GCC_WARN_UNDECLARED_SELECTOR = YES;
				GCC_WARN_UNINITIALIZED_AUTOS = YES_AGGRESSIVE;
				GCC_WARN_UNUSED_FUNCTION = YES;
				GCC_WARN_UNUSED_VARIABLE = YES;
				IPHONEOS_DEPLOYMENT_TARGET = 14.4;
				MTL_ENABLE_DEBUG_INFO = INCLUDE_SOURCE;
				MTL_FAST_MATH = YES;
				ONLY_ACTIVE_ARCH = YES;
				SDKROOT = iphoneos;
				SWIFT_ACTIVE_COMPILATION_CONDITIONS = DEBUG;
				SWIFT_OPTIMIZATION_LEVEL = "-Onone";
			};
			name = Debug;
		};
		58EB68052605761D00EEC7F3 /* Release */ = {
			isa = XCBuildConfiguration;
			buildSettings = {
				ALWAYS_SEARCH_USER_PATHS = NO;
				CLANG_ANALYZER_NONNULL = YES;
				CLANG_ANALYZER_NUMBER_OBJECT_CONVERSION = YES_AGGRESSIVE;
				CLANG_CXX_LANGUAGE_STANDARD = "gnu++14";
				CLANG_CXX_LIBRARY = "libc++";
				CLANG_ENABLE_MODULES = YES;
				CLANG_ENABLE_OBJC_ARC = YES;
				CLANG_ENABLE_OBJC_WEAK = YES;
				CLANG_WARN_BLOCK_CAPTURE_AUTORELEASING = YES;
				CLANG_WARN_BOOL_CONVERSION = YES;
				CLANG_WARN_COMMA = YES;
				CLANG_WARN_CONSTANT_CONVERSION = YES;
				CLANG_WARN_DEPRECATED_OBJC_IMPLEMENTATIONS = YES;
				CLANG_WARN_DIRECT_OBJC_ISA_USAGE = YES_ERROR;
				CLANG_WARN_DOCUMENTATION_COMMENTS = YES;
				CLANG_WARN_EMPTY_BODY = YES;
				CLANG_WARN_ENUM_CONVERSION = YES;
				CLANG_WARN_INFINITE_RECURSION = YES;
				CLANG_WARN_INT_CONVERSION = YES;
				CLANG_WARN_NON_LITERAL_NULL_CONVERSION = YES;
				CLANG_WARN_OBJC_IMPLICIT_RETAIN_SELF = YES;
				CLANG_WARN_OBJC_LITERAL_CONVERSION = YES;
				CLANG_WARN_OBJC_ROOT_CLASS = YES_ERROR;
				CLANG_WARN_QUOTED_INCLUDE_IN_FRAMEWORK_HEADER = YES;
				CLANG_WARN_RANGE_LOOP_ANALYSIS = YES;
				CLANG_WARN_STRICT_PROTOTYPES = YES;
				CLANG_WARN_SUSPICIOUS_MOVE = YES;
				CLANG_WARN_UNGUARDED_AVAILABILITY = YES_AGGRESSIVE;
				CLANG_WARN_UNREACHABLE_CODE = YES;
				CLANG_WARN__DUPLICATE_METHOD_MATCH = YES;
				COPY_PHASE_STRIP = NO;
				DEBUG_INFORMATION_FORMAT = "dwarf-with-dsym";
				ENABLE_NS_ASSERTIONS = NO;
				ENABLE_STRICT_OBJC_MSGSEND = YES;
				GCC_C_LANGUAGE_STANDARD = gnu11;
				GCC_NO_COMMON_BLOCKS = YES;
				GCC_WARN_64_TO_32_BIT_CONVERSION = YES;
				GCC_WARN_ABOUT_RETURN_TYPE = YES_ERROR;
				GCC_WARN_UNDECLARED_SELECTOR = YES;
				GCC_WARN_UNINITIALIZED_AUTOS = YES_AGGRESSIVE;
				GCC_WARN_UNUSED_FUNCTION = YES;
				GCC_WARN_UNUSED_VARIABLE = YES;
				IPHONEOS_DEPLOYMENT_TARGET = 14.4;
				MTL_ENABLE_DEBUG_INFO = NO;
				MTL_FAST_MATH = YES;
				SDKROOT = iphoneos;
				SWIFT_COMPILATION_MODE = wholemodule;
				SWIFT_OPTIMIZATION_LEVEL = "-O";
				VALIDATE_PRODUCT = YES;
			};
			name = Release;
		};
		58EB68072605761D00EEC7F3 /* Debug */ = {
			isa = XCBuildConfiguration;
			baseConfigurationReference = FFB94E0DE86955B4EA7D30E9 /* Pods-Parstagram.debug.xcconfig */;
			buildSettings = {
				ASSETCATALOG_COMPILER_APPICON_NAME = AppIcon;
				ASSETCATALOG_COMPILER_GLOBAL_ACCENT_COLOR_NAME = AccentColor;
				CODE_SIGN_STYLE = Automatic;
				INFOPLIST_FILE = Parstagram/Info.plist;
				LD_RUNPATH_SEARCH_PATHS = (
					"$(inherited)",
					"@executable_path/Frameworks",
				);
				PRODUCT_BUNDLE_IDENTIFIER = codepath.Parstagram;
				PRODUCT_NAME = "$(TARGET_NAME)";
				SWIFT_VERSION = 5.0;
				TARGETED_DEVICE_FAMILY = "1,2";
			};
			name = Debug;
		};
		58EB68082605761D00EEC7F3 /* Release */ = {
			isa = XCBuildConfiguration;
			baseConfigurationReference = 016FC3E967DD7582C79FB908 /* Pods-Parstagram.release.xcconfig */;
			buildSettings = {
				ASSETCATALOG_COMPILER_APPICON_NAME = AppIcon;
				ASSETCATALOG_COMPILER_GLOBAL_ACCENT_COLOR_NAME = AccentColor;
				CODE_SIGN_STYLE = Automatic;
				INFOPLIST_FILE = Parstagram/Info.plist;
				LD_RUNPATH_SEARCH_PATHS = (
					"$(inherited)",
					"@executable_path/Frameworks",
				);
				PRODUCT_BUNDLE_IDENTIFIER = codepath.Parstagram;
				PRODUCT_NAME = "$(TARGET_NAME)";
				SWIFT_VERSION = 5.0;
				TARGETED_DEVICE_FAMILY = "1,2";
			};
			name = Release;
		};
		58EB680A2605761D00EEC7F3 /* Debug */ = {
			isa = XCBuildConfiguration;
			baseConfigurationReference = F80C23675E4BB31C981EC34F /* Pods-ParstagramTests.debug.xcconfig */;
			buildSettings = {
				ALWAYS_EMBED_SWIFT_STANDARD_LIBRARIES = YES;
				BUNDLE_LOADER = "$(TEST_HOST)";
				CODE_SIGN_STYLE = Automatic;
				INFOPLIST_FILE = ParstagramTests/Info.plist;
				IPHONEOS_DEPLOYMENT_TARGET = 14.4;
				LD_RUNPATH_SEARCH_PATHS = (
					"$(inherited)",
					"@executable_path/Frameworks",
					"@loader_path/Frameworks",
				);
				PRODUCT_BUNDLE_IDENTIFIER = codepath.ParstagramTests;
				PRODUCT_NAME = "$(TARGET_NAME)";
				SWIFT_VERSION = 5.0;
				TARGETED_DEVICE_FAMILY = "1,2";
				TEST_HOST = "$(BUILT_PRODUCTS_DIR)/Parstagram.app/Parstagram";
			};
			name = Debug;
		};
		58EB680B2605761D00EEC7F3 /* Release */ = {
			isa = XCBuildConfiguration;
			baseConfigurationReference = 35F1421D6AF1AFDE87404764 /* Pods-ParstagramTests.release.xcconfig */;
			buildSettings = {
				ALWAYS_EMBED_SWIFT_STANDARD_LIBRARIES = YES;
				BUNDLE_LOADER = "$(TEST_HOST)";
				CODE_SIGN_STYLE = Automatic;
				INFOPLIST_FILE = ParstagramTests/Info.plist;
				IPHONEOS_DEPLOYMENT_TARGET = 14.4;
				LD_RUNPATH_SEARCH_PATHS = (
					"$(inherited)",
					"@executable_path/Frameworks",
					"@loader_path/Frameworks",
				);
				PRODUCT_BUNDLE_IDENTIFIER = codepath.ParstagramTests;
				PRODUCT_NAME = "$(TARGET_NAME)";
				SWIFT_VERSION = 5.0;
				TARGETED_DEVICE_FAMILY = "1,2";
				TEST_HOST = "$(BUILT_PRODUCTS_DIR)/Parstagram.app/Parstagram";
			};
			name = Release;
		};
		58EB680D2605761D00EEC7F3 /* Debug */ = {
			isa = XCBuildConfiguration;
			baseConfigurationReference = E37D5B91EE011AF2EE87B5BC /* Pods-Parstagram-ParstagramUITests.debug.xcconfig */;
			buildSettings = {
				ALWAYS_EMBED_SWIFT_STANDARD_LIBRARIES = YES;
				CODE_SIGN_STYLE = Automatic;
				INFOPLIST_FILE = ParstagramUITests/Info.plist;
				LD_RUNPATH_SEARCH_PATHS = (
					"$(inherited)",
					"@executable_path/Frameworks",
					"@loader_path/Frameworks",
				);
				PRODUCT_BUNDLE_IDENTIFIER = codepath.ParstagramUITests;
				PRODUCT_NAME = "$(TARGET_NAME)";
				SWIFT_VERSION = 5.0;
				TARGETED_DEVICE_FAMILY = "1,2";
				TEST_TARGET_NAME = Parstagram;
			};
			name = Debug;
		};
		58EB680E2605761D00EEC7F3 /* Release */ = {
			isa = XCBuildConfiguration;
			baseConfigurationReference = 0047B4867D6F9143027AECFE /* Pods-Parstagram-ParstagramUITests.release.xcconfig */;
			buildSettings = {
				ALWAYS_EMBED_SWIFT_STANDARD_LIBRARIES = YES;
				CODE_SIGN_STYLE = Automatic;
				INFOPLIST_FILE = ParstagramUITests/Info.plist;
				LD_RUNPATH_SEARCH_PATHS = (
					"$(inherited)",
					"@executable_path/Frameworks",
					"@loader_path/Frameworks",
				);
				PRODUCT_BUNDLE_IDENTIFIER = codepath.ParstagramUITests;
				PRODUCT_NAME = "$(TARGET_NAME)";
				SWIFT_VERSION = 5.0;
				TARGETED_DEVICE_FAMILY = "1,2";
				TEST_TARGET_NAME = Parstagram;
			};
			name = Release;
		};
/* End XCBuildConfiguration section */

/* Begin XCConfigurationList section */
		58EB67D72605761A00EEC7F3 /* Build configuration list for PBXProject "Parstagram" */ = {
			isa = XCConfigurationList;
			buildConfigurations = (
				58EB68042605761D00EEC7F3 /* Debug */,
				58EB68052605761D00EEC7F3 /* Release */,
			);
			defaultConfigurationIsVisible = 0;
			defaultConfigurationName = Release;
		};
		58EB68062605761D00EEC7F3 /* Build configuration list for PBXNativeTarget "Parstagram" */ = {
			isa = XCConfigurationList;
			buildConfigurations = (
				58EB68072605761D00EEC7F3 /* Debug */,
				58EB68082605761D00EEC7F3 /* Release */,
			);
			defaultConfigurationIsVisible = 0;
			defaultConfigurationName = Release;
		};
		58EB68092605761D00EEC7F3 /* Build configuration list for PBXNativeTarget "ParstagramTests" */ = {
			isa = XCConfigurationList;
			buildConfigurations = (
				58EB680A2605761D00EEC7F3 /* Debug */,
				58EB680B2605761D00EEC7F3 /* Release */,
			);
			defaultConfigurationIsVisible = 0;
			defaultConfigurationName = Release;
		};
		58EB680C2605761D00EEC7F3 /* Build configuration list for PBXNativeTarget "ParstagramUITests" */ = {
			isa = XCConfigurationList;
			buildConfigurations = (
				58EB680D2605761D00EEC7F3 /* Debug */,
				58EB680E2605761D00EEC7F3 /* Release */,
			);
			defaultConfigurationIsVisible = 0;
			defaultConfigurationName = Release;
		};
/* End XCConfigurationList section */
	};
	rootObject = 58EB67D42605761A00EEC7F3 /* Project object */;
}
